{
  "name": "endoscopy-shared",
  "version": "1.0.0",
  "lockfileVersion": 3,
  "requires": true,
  "packages": {
    "": {
      "name": "endoscopy-shared",
      "version": "1.0.0",
      "license": "ISC",
      "dependencies": {
        "link": "^2.1.1"
      },
      "devDependencies": {
        "typescript": "^5.8.3"
      }
    },
    "node_modules/link": {
      "version": "2.1.1",
      "resolved": "https://registry.npmjs.org/link/-/link-2.1.1.tgz",
      "integrity": "sha512-NV3AUVYBovJ6eVQcTeRoPnZSxzt2LOijNd+ugEZKRy/XeQlpTRhVRkuDv5kOlXwMAUx30vfUc7asRFb9RT65yg==",
      "license": "MIT",
      "bin": {
        "link": "dist/cli.js"
      },
      "funding": {
        "url": "https://github.com/privatenumber/link?sponsor=1"
      }
    },
    "node_modules/typescript": {
      "version": "5.8.3",
      "resolved": "https://registry.npmjs.org/typescript/-/typescript-5.8.3.tgz",
      "integrity": "sha512-p1diW6TqL9L07nNxvRMM7hMMw4c5XOo/1ibL4aAIGmSAt9slTE1Xgw5KWuof2uTOvCg9BY7ZRi+GaF+7sfgPeQ==",
      "dev": true,
      "license": "Apache-2.0",
      "bin": {
        "tsc": "bin/tsc",
        "tsserver": "bin/tsserver"
      },
      "engines": {
        "node": ">=14.17"
      }
    }
  }
}
